
Microsoft Visual Studio Solution File, Format Version 12.00
# Visual Studio Version 17
VisualStudioVersion = 17.8.34330.188
MinimumVisualStudioVersion = 10.0.40219.1
Project("{FAE04EC0-301F-11D3-BF4B-00C04F79EFBC}") = "CB011943", "CB011943\CB011943.csproj", "{D717D905-32D3-4F69-95B8-1977A2DD015E}"
EndProject
Global
	GlobalSection(SolutionConfigurationPlatforms) = preSolution
		Debug|Any CPU = Debug|Any CPU
		Release|Any CPU = Release|Any CPU
	EndGlobalSection
	GlobalSection(ProjectConfigurationPlatforms) = postSolution
		{D717D905-32D3-4F69-95B8-1977A2DD015E}.Debug|Any CPU.ActiveCfg = Debug|Any CPU
		{D717D905-32D3-4F69-95B8-1977A2DD015E}.Debug|Any CPU.Build.0 = Debug|Any CPU
		{D717D905-32D3-4F69-95B8-1977A2DD015E}.Release|Any CPU.ActiveCfg = Release|Any CPU
		{D717D905-32D3-4F69-95B8-1977A2DD015E}.Release|Any CPU.Build.0 = Release|Any CPU
	EndGlobalSection
	GlobalSection(SolutionProperties) = preSolution
		HideSolutionNode = FALSE
	EndGlobalSection
	GlobalSection(ExtensibilityGlobals) = postSolution
		SolutionGuid = {9C534F19-3FB9-49C4-A57A-6F61DAE7BA25}
	EndGlobalSection
EndGlobal
